// !$*UTF8*$!
{
	archiveVersion = 1;
	classes = {
	};
	objectVersion = 50;
	objects = {

/* Begin PBXBuildFile section */
		79FAF66D220B4E6500A52D93 /* AppDelegate.swift in Sources */ = {isa = PBXBuildFile; fileRef = 79FAF66C220B4E6500A52D93 /* AppDelegate.swift */; };
		79FAF66F220B4E6500A52D93 /* ViewController.swift in Sources */ = {isa = PBXBuildFile; fileRef = 79FAF66E220B4E6500A52D93 /* ViewController.swift */; };
		79FAF671220B4E6500A52D93 /* Assets.xcassets in Resources */ = {isa = PBXBuildFile; fileRef = 79FAF670220B4E6500A52D93 /* Assets.xcassets */; };
		79FAF674220B4E6500A52D93 /* Main.storyboard in Resources */ = {isa = PBXBuildFile; fileRef = 79FAF672220B4E6500A52D93 /* Main.storyboard */; };
		79FAF680220B4E6600A52D93 /* IconBuilderTests.swift in Sources */ = {isa = PBXBuildFile; fileRef = 79FAF67F220B4E6600A52D93 /* IconBuilderTests.swift */; };
		79FAF68B220B4E6600A52D93 /* IconBuilderUITests.swift in Sources */ = {isa = PBXBuildFile; fileRef = 79FAF68A220B4E6600A52D93 /* IconBuilderUITests.swift */; };
		79FAF699220B4E6F00A52D93 /* ImageResizer.swift in Sources */ = {isa = PBXBuildFile; fileRef = 79FAF698220B4E6F00A52D93 /* ImageResizer.swift */; };
/* End PBXBuildFile section */

/* Begin PBXContainerItemProxy section */
		79FAF67C220B4E6600A52D93 /* PBXContainerItemProxy */ = {
			isa = PBXContainerItemProxy;
			containerPortal = 79FAF661220B4E6500A52D93 /* Project object */;
			proxyType = 1;
			remoteGlobalIDString = 79FAF668220B4E6500A52D93;
			remoteInfo = IconBuilder;
		};
		79FAF687220B4E6600A52D93 /* PBXContainerItemProxy */ = {
			isa = PBXContainerItemProxy;
			containerPortal = 79FAF661220B4E6500A52D93 /* Project object */;
			proxyType = 1;
			remoteGlobalIDString = 79FAF668220B4E6500A52D93;
			remoteInfo = IconBuilder;
		};
/* End PBXContainerItemProxy section */

/* Begin PBXFileReference section */
		79FAF669220B4E6500A52D93 /* IconBuilder.app */ = {isa = PBXFileReference; explicitFileType = wrapper.application; includeInIndex = 0; path = IconBuilder.app; sourceTree = BUILT_PRODUCTS_DIR; };
		79FAF66C220B4E6500A52D93 /* AppDelegate.swift */ = {isa = PBXFileReference; lastKnownFileType = sourcecode.swift; path = AppDelegate.swift; sourceTree = "<group>"; };
		79FAF66E220B4E6500A52D93 /* ViewController.swift */ = {isa = PBXFileReference; lastKnownFileType = sourcecode.swift; path = ViewController.swift; sourceTree = "<group>"; };
		79FAF670220B4E6500A52D93 /* Assets.xcassets */ = {isa = PBXFileReference; lastKnownFileType = folder.assetcatalog; path = Assets.xcassets; sourceTree = "<group>"; };
		79FAF673220B4E6500A52D93 /* Base */ = {isa = PBXFileReference; lastKnownFileType = file.storyboard; name = Base; path = Base.lproj/Main.storyboard; sourceTree = "<group>"; };
		79FAF675220B4E6500A52D93 /* Info.plist */ = {isa = PBXFileReference; lastKnownFileType = text.plist.xml; path = Info.plist; sourceTree = "<group>"; };
		79FAF676220B4E6500A52D93 /* IconBuilder.entitlements */ = {isa = PBXFileReference; lastKnownFileType = text.plist.entitlements; path = IconBuilder.entitlements; sourceTree = "<group>"; };
		79FAF67B220B4E6600A52D93 /* IconBuilderTests.xctest */ = {isa = PBXFileReference; explicitFileType = wrapper.cfbundle; includeInIndex = 0; path = IconBuilderTests.xctest; sourceTree = BUILT_PRODUCTS_DIR; };
		79FAF67F220B4E6600A52D93 /* IconBuilderTests.swift */ = {isa = PBXFileReference; lastKnownFileType = sourcecode.swift; path = IconBuilderTests.swift; sourceTree = "<group>"; };
		79FAF681220B4E6600A52D93 /* Info.plist */ = {isa = PBXFileReference; lastKnownFileType = text.plist.xml; path = Info.plist; sourceTree = "<group>"; };
		79FAF686220B4E6600A52D93 /* IconBuilderUITests.xctest */ = {isa = PBXFileReference; explicitFileType = wrapper.cfbundle; includeInIndex = 0; path = IconBuilderUITests.xctest; sourceTree = BUILT_PRODUCTS_DIR; };
		79FAF68A220B4E6600A52D93 /* IconBuilderUITests.swift */ = {isa = PBXFileReference; lastKnownFileType = sourcecode.swift; path = IconBuilderUITests.swift; sourceTree = "<group>"; };
		79FAF68C220B4E6600A52D93 /* Info.plist */ = {isa = PBXFileReference; lastKnownFileType = text.plist.xml; path = Info.plist; sourceTree = "<group>"; };
		79FAF698220B4E6F00A52D93 /* ImageResizer.swift */ = {isa = PBXFileReference; fileEncoding = 4; lastKnownFileType = sourcecode.swift; path = ImageResizer.swift; sourceTree = "<group>"; };
/* End PBXFileReference section */

/* Begin PBXFrameworksBuildPhase section */
		79FAF666220B4E6500A52D93 /* Frameworks */ = {
			isa = PBXFrameworksBuildPhase;
			buildActionMask = 2147483647;
			files = (
			);
			runOnlyForDeploymentPostprocessing = 0;
		};
		79FAF678220B4E6500A52D93 /* Frameworks */ = {
			isa = PBXFrameworksBuildPhase;
			buildActionMask = 2147483647;
			files = (
			);
			runOnlyForDeploymentPostprocessing = 0;
		};
		79FAF683220B4E6600A52D93 /* Frameworks */ = {
			isa = PBXFrameworksBuildPhase;
			buildActionMask = 2147483647;
			files = (
			);
			runOnlyForDeploymentPostprocessing = 0;
		};
/* End PBXFrameworksBuildPhase section */

/* Begin PBXGroup section */
		79FAF660220B4E6500A52D93 = {
			isa = PBXGroup;
			children = (
				79FAF66B220B4E6500A52D93 /* IconBuilder */,
				79FAF67E220B4E6600A52D93 /* IconBuilderTests */,
				79FAF689220B4E6600A52D93 /* IconBuilderUITests */,
				79FAF66A220B4E6500A52D93 /* Products */,
			);
			sourceTree = "<group>";
		};
		79FAF66A220B4E6500A52D93 /* Products */ = {
			isa = PBXGroup;
			children = (
				79FAF669220B4E6500A52D93 /* IconBuilder.app */,
				79FAF67B220B4E6600A52D93 /* IconBuilderTests.xctest */,
				79FAF686220B4E6600A52D93 /* IconBuilderUITests.xctest */,
			);
			name = Products;
			sourceTree = "<group>";
		};
		79FAF66B220B4E6500A52D93 /* IconBuilder */ = {
			isa = PBXGroup;
			children = (
				79FAF672220B4E6500A52D93 /* Main.storyboard */,
				79FAF66C220B4E6500A52D93 /* AppDelegate.swift */,
				79FAF66E220B4E6500A52D93 /* ViewController.swift */,
				79FAF670220B4E6500A52D93 /* Assets.xcassets */,
				79FAF675220B4E6500A52D93 /* Info.plist */,
				79FAF676220B4E6500A52D93 /* IconBuilder.entitlements */,
				79FAF698220B4E6F00A52D93 /* ImageResizer.swift */,
			);
			path = IconBuilder;
			sourceTree = "<group>";
		};
		79FAF67E220B4E6600A52D93 /* IconBuilderTests */ = {
			isa = PBXGroup;
			children = (
				79FAF67F220B4E6600A52D93 /* IconBuilderTests.swift */,
				79FAF681220B4E6600A52D93 /* Info.plist */,
			);
			path = IconBuilderTests;
			sourceTree = "<group>";
		};
		79FAF689220B4E6600A52D93 /* IconBuilderUITests */ = {
			isa = PBXGroup;
			children = (
				79FAF68A220B4E6600A52D93 /* IconBuilderUITests.swift */,
				79FAF68C220B4E6600A52D93 /* Info.plist */,
			);
			path = IconBuilderUITests;
			sourceTree = "<group>";
		};
/* End PBXGroup section */

/* Begin PBXNativeTarget section */
		79FAF668220B4E6500A52D93 /* IconBuilder */ = {
			isa = PBXNativeTarget;
			buildConfigurationList = 79FAF68F220B4E6600A52D93 /* Build configuration list for PBXNativeTarget "IconBuilder" */;
			buildPhases = (
				79FAF665220B4E6500A52D93 /* Sources */,
				79FAF666220B4E6500A52D93 /* Frameworks */,
				79FAF667220B4E6500A52D93 /* Resources */,
			);
			buildRules = (
			);
			dependencies = (
			);
			name = IconBuilder;
			productName = IconBuilder;
			productReference = 79FAF669220B4E6500A52D93 /* IconBuilder.app */;
			productType = "com.apple.product-type.application";
		};
		79FAF67A220B4E6500A52D93 /* IconBuilderTests */ = {
			isa = PBXNativeTarget;
			buildConfigurationList = 79FAF692220B4E6600A52D93 /* Build configuration list for PBXNativeTarget "IconBuilderTests" */;
			buildPhases = (
				79FAF677220B4E6500A52D93 /* Sources */,
				79FAF678220B4E6500A52D93 /* Frameworks */,
				79FAF679220B4E6500A52D93 /* Resources */,
			);
			buildRules = (
			);
			dependencies = (
				79FAF67D220B4E6600A52D93 /* PBXTargetDependency */,
			);
			name = IconBuilderTests;
			productName = IconBuilderTests;
			productReference = 79FAF67B220B4E6600A52D93 /* IconBuilderTests.xctest */;
			productType = "com.apple.product-type.bundle.unit-test";
		};
		79FAF685220B4E6600A52D93 /* IconBuilderUITests */ = {
			isa = PBXNativeTarget;
			buildConfigurationList = 79FAF695220B4E6600A52D93 /* Build configuration list for PBXNativeTarget "IconBuilderUITests" */;
			buildPhases = (
				79FAF682220B4E6600A52D93 /* Sources */,
				79FAF683220B4E6600A52D93 /* Frameworks */,
				79FAF684220B4E6600A52D93 /* Resources */,
			);
			buildRules = (
			);
			dependencies = (
				79FAF688220B4E6600A52D93 /* PBXTargetDependency */,
			);
			name = IconBuilderUITests;
			productName = IconBuilderUITests;
			productReference = 79FAF686220B4E6600A52D93 /* IconBuilderUITests.xctest */;
			productType = "com.apple.product-type.bundle.ui-testing";
		};
/* End PBXNativeTarget section */

/* Begin PBXProject section */
		79FAF661220B4E6500A52D93 /* Project object */ = {
			isa = PBXProject;
			attributes = {
				LastSwiftUpdateCheck = 1020;
				LastUpgradeCheck = 1020;
				ORGANIZATIONNAME = Fool;
				TargetAttributes = {
					79FAF668220B4E6500A52D93 = {
						CreatedOnToolsVersion = 10.2;
						SystemCapabilities = {
							com.apple.Sandbox = {
								enabled = 0;
							};
						};
					};
					79FAF67A220B4E6500A52D93 = {
						CreatedOnToolsVersion = 10.2;
						TestTargetID = 79FAF668220B4E6500A52D93;
					};
					79FAF685220B4E6600A52D93 = {
						CreatedOnToolsVersion = 10.2;
						TestTargetID = 79FAF668220B4E6500A52D93;
					};
				};
			};
			buildConfigurationList = 79FAF664220B4E6500A52D93 /* Build configuration list for PBXProject "IconBuilder" */;
			compatibilityVersion = "Xcode 9.3";
			developmentRegion = en;
			hasScannedForEncodings = 0;
			knownRegions = (
				en,
				Base,
			);
			mainGroup = 79FAF660220B4E6500A52D93;
			productRefGroup = 79FAF66A220B4E6500A52D93 /* Products */;
			projectDirPath = "";
			projectRoot = "";
			targets = (
				79FAF668220B4E6500A52D93 /* IconBuilder */,
				79FAF67A220B4E6500A52D93 /* IconBuilderTests */,
				79FAF685220B4E6600A52D93 /* IconBuilderUITests */,
			);
		};
/* End PBXProject section */

/* Begin PBXResourcesBuildPhase section */
		79FAF667220B4E6500A52D93 /* Resources */ = {
			isa = PBXResourcesBuildPhase;
			buildActionMask = 2147483647;
			files = (
				79FAF671220B4E6500A52D93 /* Assets.xcassets in Resources */,
				79FAF674220B4E6500A52D93 /* Main.storyboard in Resources */,
			);
			runOnlyForDeploymentPostprocessing = 0;
		};
		79FAF679220B4E6500A52D93 /* Resources */ = {
			isa = PBXResourcesBuildPhase;
			buildActionMask = 2147483647;
			files = (
			);
			runOnlyForDeploymentPostprocessing = 0;
		};
		79FAF684220B4E6600A52D93 /* Resources */ = {
			isa = PBXResourcesBuildPhase;
			buildActionMask = 2147483647;
			files = (
			);
			runOnlyForDeploymentPostprocessing = 0;
		};
/* End PBXResourcesBuildPhase section */

/* Begin PBXSourcesBuildPhase section */
		79FAF665220B4E6500A52D93 /* Sources */ = {
			isa = PBXSourcesBuildPhase;
			buildActionMask = 2147483647;
			files = (
				79FAF66F220B4E6500A52D93 /* ViewController.swift in Sources */,
				79FAF699220B4E6F00A52D93 /* ImageResizer.swift in Sources */,
				79FAF66D220B4E6500A52D93 /* AppDelegate.swift in Sources */,
			);
			runOnlyForDeploymentPostprocessing = 0;
		};
		79FAF677220B4E6500A52D93 /* Sources */ = {
			isa = PBXSourcesBuildPhase;
			buildActionMask = 2147483647;
			files = (
				79FAF680220B4E6600A52D93 /* IconBuilderTests.swift in Sources */,
			);
			runOnlyForDeploymentPostprocessing = 0;
		};
		79FAF682220B4E6600A52D93 /* Sources */ = {
			isa = PBXSourcesBuildPhase;
			buildActionMask = 2147483647;
			files = (
				79FAF68B220B4E6600A52D93 /* IconBuilderUITests.swift in Sources */,
			);
			runOnlyForDeploymentPostprocessing = 0;
		};
/* End PBXSourcesBuildPhase section */

/* Begin PBXTargetDependency section */
		79FAF67D220B4E6600A52D93 /* PBXTargetDependency */ = {
			isa = PBXTargetDependency;
			target = 79FAF668220B4E6500A52D93 /* IconBuilder */;
			targetProxy = 79FAF67C220B4E6600A52D93 /* PBXContainerItemProxy */;
		};
		79FAF688220B4E6600A52D93 /* PBXTargetDependency */ = {
			isa = PBXTargetDependency;
			target = 79FAF668220B4E6500A52D93 /* IconBuilder */;
			targetProxy = 79FAF687220B4E6600A52D93 /* PBXContainerItemProxy */;
		};
/* End PBXTargetDependency section */

/* Begin PBXVariantGroup section */
		79FAF672220B4E6500A52D93 /* Main.storyboard */ = {
			isa = PBXVariantGroup;
			children = (
				79FAF673220B4E6500A52D93 /* Base */,
			);
			name = Main.storyboard;
			sourceTree = "<group>";
		};
/* End PBXVariantGroup section */

/* Begin XCBuildConfiguration section */
		79FAF68D220B4E6600A52D93 /* Debug */ = {
			isa = XCBuildConfiguration;
			buildSettings = {
				ALWAYS_SEARCH_USER_PATHS = NO;
				CLANG_ANALYZER_NONNULL = YES;
				CLANG_ANALYZER_NUMBER_OBJECT_CONVERSION = YES_AGGRESSIVE;
				CLANG_CXX_LANGUAGE_STANDARD = "gnu++14";
				CLANG_CXX_LIBRARY = "libc++";
				CLANG_ENABLE_MODULES = YES;
				CLANG_ENABLE_OBJC_ARC = YES;
				CLANG_ENABLE_OBJC_WEAK = YES;
				CLANG_WARN_BLOCK_CAPTURE_AUTORELEASING = YES;
				CLANG_WARN_BOOL_CONVERSION = YES;
				CLANG_WARN_COMMA = YES;
				CLANG_WARN_CONSTANT_CONVERSION = YES;
				CLANG_WARN_DEPRECATED_OBJC_IMPLEMENTATIONS = YES;
				CLANG_WARN_DIRECT_OBJC_ISA_USAGE = YES_ERROR;
				CLANG_WARN_DOCUMENTATION_COMMENTS = YES;
				CLANG_WARN_EMPTY_BODY = YES;
				CLANG_WARN_ENUM_CONVERSION = YES;
				CLANG_WARN_INFINITE_RECURSION = YES;
				CLANG_WARN_INT_CONVERSION = YES;
				CLANG_WARN_NON_LITERAL_NULL_CONVERSION = YES;
				CLANG_WARN_OBJC_IMPLICIT_RETAIN_SELF = YES;
				CLANG_WARN_OBJC_LITERAL_CONVERSION = YES;
				CLANG_WARN_OBJC_ROOT_CLASS = YES_ERROR;
				CLANG_WARN_RANGE_LOOP_ANALYSIS = YES;
				CLANG_WARN_STRICT_PROTOTYPES = YES;
				CLANG_WARN_SUSPICIOUS_MOVE = YES;
				CLANG_WARN_UNGUARDED_AVAILABILITY = YES_AGGRESSIVE;
				CLANG_WARN_UNREACHABLE_CODE = YES;
				CLANG_WARN__DUPLICATE_METHOD_MATCH = YES;
				CODE_SIGN_IDENTITY = "Mac Developer";
				COPY_PHASE_STRIP = NO;
				DEBUG_INFORMATION_FORMAT = dwarf;
				ENABLE_STRICT_OBJC_MSGSEND = YES;
				ENABLE_TESTABILITY = YES;
				GCC_C_LANGUAGE_STANDARD = gnu11;
				GCC_DYNAMIC_NO_PIC = NO;
				GCC_NO_COMMON_BLOCKS = YES;
				GCC_OPTIMIZATION_LEVEL = 0;
				GCC_PREPROCESSOR_DEFINITIONS = (
					"DEBUG=1",
					"$(inherited)",
				);
				GCC_WARN_64_TO_32_BIT_CONVERSION = YES;
				GCC_WARN_ABOUT_RETURN_TYPE = YES_ERROR;
				GCC_WARN_UNDECLARED_SELECTOR = YES;
				GCC_WARN_UNINITIALIZED_AUTOS = YES_AGGRESSIVE;
				GCC_WARN_UNUSED_FUNCTION = YES;
				GCC_WARN_UNUSED_VARIABLE = YES;
				MACOSX_DEPLOYMENT_TARGET = 10.14;
				MTL_ENABLE_DEBUG_INFO = INCLUDE_SOURCE;
				MTL_FAST_MATH = YES;
				ONLY_ACTIVE_ARCH = YES;
				SDKROOT = macosx;
				SWIFT_ACTIVE_COMPILATION_CONDITIONS = DEBUG;
				SWIFT_OPTIMIZATION_LEVEL = "-Onone";
			};
			name = Debug;
		};
		79FAF68E220B4E6600A52D93 /* Release */ = {
			isa = XCBuildConfiguration;
			buildSettings = {
				ALWAYS_SEARCH_USER_PATHS = NO;
				CLANG_ANALYZER_NONNULL = YES;
				CLANG_ANALYZER_NUMBER_OBJECT_CONVERSION = YES_AGGRESSIVE;
				CLANG_CXX_LANGUAGE_STANDARD = "gnu++14";
				CLANG_CXX_LIBRARY = "libc++";
				CLANG_ENABLE_MODULES = YES;
				CLANG_ENABLE_OBJC_ARC = YES;
				CLANG_ENABLE_OBJC_WEAK = YES;
				CLANG_WARN_BLOCK_CAPTURE_AUTORELEASING = YES;
				CLANG_WARN_BOOL_CONVERSION = YES;
				CLANG_WARN_COMMA = YES;
				CLANG_WARN_CONSTANT_CONVERSION = YES;
				CLANG_WARN_DEPRECATED_OBJC_IMPLEMENTATIONS = YES;
				CLANG_WARN_DIRECT_OBJC_ISA_USAGE = YES_ERROR;
				CLANG_WARN_DOCUMENTATION_COMMENTS = YES;
				CLANG_WARN_EMPTY_BODY = YES;
				CLANG_WARN_ENUM_CONVERSION = YES;
				CLANG_WARN_INFINITE_RECURSION = YES;
				CLANG_WARN_INT_CONVERSION = YES;
				CLANG_WARN_NON_LITERAL_NULL_CONVERSION = YES;
				CLANG_WARN_OBJC_IMPLICIT_RETAIN_SELF = YES;
				CLANG_WARN_OBJC_LITERAL_CONVERSION = YES;
				CLANG_WARN_OBJC_ROOT_CLASS = YES_ERROR;
				CLANG_WARN_RANGE_LOOP_ANALYSIS = YES;
				CLANG_WARN_STRICT_PROTOTYPES = YES;
				CLANG_WARN_SUSPICIOUS_MOVE = YES;
				CLANG_WARN_UNGUARDED_AVAILABILITY = YES_AGGRESSIVE;
				CLANG_WARN_UNREACHABLE_CODE = YES;
				CLANG_WARN__DUPLICATE_METHOD_MATCH = YES;
				CODE_SIGN_IDENTITY = "Mac Developer";
				COPY_PHASE_STRIP = NO;
				DEBUG_INFORMATION_FORMAT = "dwarf-with-dsym";
				ENABLE_NS_ASSERTIONS = NO;
				ENABLE_STRICT_OBJC_MSGSEND = YES;
				GCC_C_LANGUAGE_STANDARD = gnu11;
				GCC_NO_COMMON_BLOCKS = YES;
				GCC_WARN_64_TO_32_BIT_CONVERSION = YES;
				GCC_WARN_ABOUT_RETURN_TYPE = YES_ERROR;
				GCC_WARN_UNDECLARED_SELECTOR = YES;
				GCC_WARN_UNINITIALIZED_AUTOS = YES_AGGRESSIVE;
				GCC_WARN_UNUSED_FUNCTION = YES;
				GCC_WARN_UNUSED_VARIABLE = YES;
				MACOSX_DEPLOYMENT_TARGET = 10.14;
				MTL_ENABLE_DEBUG_INFO = NO;
				MTL_FAST_MATH = YES;
				SDKROOT = macosx;
				SWIFT_COMPILATION_MODE = wholemodule;
				SWIFT_OPTIMIZATION_LEVEL = "-O";
			};
			name = Release;
		};
		79FAF690220B4E6600A52D93 /* Debug */ = {
			isa = XCBuildConfiguration;
			buildSettings = {
				ASSETCATALOG_COMPILER_APPICON_NAME = AppIcon;
				CODE_SIGN_STYLE = Automatic;
				COMBINE_HIDPI_IMAGES = YES;
				DEVELOPMENT_TEAM = VY6BVT84SC;
				INFOPLIST_FILE = IconBuilder/Info.plist;
				LD_RUNPATH_SEARCH_PATHS = (
					"$(inherited)",
					"@executable_path/../Frameworks",
				);
				PRODUCT_BUNDLE_IDENTIFIER = com.fulgentwake.IconBuilder;
				PRODUCT_NAME = "$(TARGET_NAME)";
				SWIFT_VERSION = 5.0;
			};
			name = Debug;
		};
		79FAF691220B4E6600A52D93 /* Release */ = {
			isa = XCBuildConfiguration;
			buildSettings = {
				ASSETCATALOG_COMPILER_APPICON_NAME = AppIcon;
				CODE_SIGN_STYLE = Automatic;
				COMBINE_HIDPI_IMAGES = YES;
				DEVELOPMENT_TEAM = VY6BVT84SC;
				INFOPLIST_FILE = IconBuilder/Info.plist;
				LD_RUNPATH_SEARCH_PATHS = (
					"$(inherited)",
					"@executable_path/../Frameworks",
				);
				PRODUCT_BUNDLE_IDENTIFIER = com.fulgentwake.IconBuilder;
				PRODUCT_NAME = "$(TARGET_NAME)";
				SWIFT_VERSION = 5.0;
			};
			name = Release;
		};
		79FAF693220B4E6600A52D93 /* Debug */ = {
			isa = XCBuildConfiguration;
			buildSettings = {
				ALWAYS_EMBED_SWIFT_STANDARD_LIBRARIES = YES;
				BUNDLE_LOADER = "$(TEST_HOST)";
				CODE_SIGN_STYLE = Automatic;
				COMBINE_HIDPI_IMAGES = YES;
				DEVELOPMENT_TEAM = VY6BVT84SC;
				INFOPLIST_FILE = IconBuilderTests/Info.plist;
				LD_RUNPATH_SEARCH_PATHS = (
					"$(inherited)",
					"@executable_path/../Frameworks",
					"@loader_path/../Frameworks",
				);
				PRODUCT_BUNDLE_IDENTIFIER = com.fulgentwake.IconBuilderTests;
				PRODUCT_NAME = "$(TARGET_NAME)";
				SWIFT_VERSION = 5.0;
				TEST_HOST = "$(BUILT_PRODUCTS_DIR)/IconBuilder.app/Contents/MacOS/IconBuilder";
			};
			name = Debug;
		};
		79FAF694220B4E6600A52D93 /* Release */ = {
			isa = XCBuildConfiguration;
			buildSettings = {
				ALWAYS_EMBED_SWIFT_STANDARD_LIBRARIES = YES;
				BUNDLE_LOADER = "$(TEST_HOST)";
				CODE_SIGN_STYLE = Automatic;
				COMBINE_HIDPI_IMAGES = YES;
				DEVELOPMENT_TEAM = VY6BVT84SC;
				INFOPLIST_FILE = IconBuilderTests/Info.plist;
				LD_RUNPATH_SEARCH_PATHS = (
					"$(inherited)",
					"@executable_path/../Frameworks",
					"@loader_path/../Frameworks",
				);
				PRODUCT_BUNDLE_IDENTIFIER = com.fulgentwake.IconBuilderTests;
				PRODUCT_NAME = "$(TARGET_NAME)";
				SWIFT_VERSION = 5.0;
				TEST_HOST = "$(BUILT_PRODUCTS_DIR)/IconBuilder.app/Contents/MacOS/IconBuilder";
			};
			name = Release;
		};
		79FAF696220B4E6600A52D93 /* Debug */ = {
			isa = XCBuildConfiguration;
			buildSettings = {
				ALWAYS_EMBED_SWIFT_STANDARD_LIBRARIES = YES;
				CODE_SIGN_STYLE = Automatic;
				COMBINE_HIDPI_IMAGES = YES;
				DEVELOPMENT_TEAM = VY6BVT84SC;
				INFOPLIST_FILE = IconBuilderUITests/Info.plist;
				LD_RUNPATH_SEARCH_PATHS = (
					"$(inherited)",
					"@executable_path/../Frameworks",
					"@loader_path/../Frameworks",
				);
				PRODUCT_BUNDLE_IDENTIFIER = com.fulgentwake.IconBuilderUITests;
				PRODUCT_NAME = "$(TARGET_NAME)";
				SWIFT_VERSION = 5.0;
				TEST_TARGET_NAME = IconBuilder;
			};
			name = Debug;
		};
		79FAF697220B4E6600A52D93 /* Release */ = {
			isa = XCBuildConfiguration;
			buildSettings = {
				ALWAYS_EMBED_SWIFT_STANDARD_LIBRARIES = YES;
				CODE_SIGN_STYLE = Automatic;
				COMBINE_HIDPI_IMAGES = YES;
				DEVELOPMENT_TEAM = VY6BVT84SC;
				INFOPLIST_FILE = IconBuilderUITests/Info.plist;
				LD_RUNPATH_SEARCH_PATHS = (
					"$(inherited)",
					"@executable_path/../Frameworks",
					"@loader_path/../Frameworks",
				);
				PRODUCT_BUNDLE_IDENTIFIER = com.fulgentwake.IconBuilderUITests;
				PRODUCT_NAME = "$(TARGET_NAME)";
				SWIFT_VERSION = 5.0;
				TEST_TARGET_NAME = IconBuilder;
			};
			name = Release;
		};
/* End XCBuildConfiguration section */

/* Begin XCConfigurationList section */
		79FAF664220B4E6500A52D93 /* Build configuration list for PBXProject "IconBuilder" */ = {
			isa = XCConfigurationList;
			buildConfigurations = (
				79FAF68D220B4E6600A52D93 /* Debug */,
				79FAF68E220B4E6600A52D93 /* Release */,
			);
			defaultConfigurationIsVisible = 0;
			defaultConfigurationName = Release;
		};
		79FAF68F220B4E6600A52D93 /* Build configuration list for PBXNativeTarget "IconBuilder" */ = {
			isa = XCConfigurationList;
			buildConfigurations = (
				79FAF690220B4E6600A52D93 /* Debug */,
				79FAF691220B4E6600A52D93 /* Release */,
			);
			defaultConfigurationIsVisible = 0;
			defaultConfigurationName = Release;
		};
		79FAF692220B4E6600A52D93 /* Build configuration list for PBXNativeTarget "IconBuilderTests" */ = {
			isa = XCConfigurationList;
			buildConfigurations = (
				79FAF693220B4E6600A52D93 /* Debug */,
				79FAF694220B4E6600A52D93 /* Release */,
			);
			defaultConfigurationIsVisible = 0;
			defaultConfigurationName = Release;
		};
		79FAF695220B4E6600A52D93 /* Build configuration list for PBXNativeTarget "IconBuilderUITests" */ = {
			isa = XCConfigurationList;
			buildConfigurations = (
				79FAF696220B4E6600A52D93 /* Debug */,
				79FAF697220B4E6600A52D93 /* Release */,
			);
			defaultConfigurationIsVisible = 0;
			defaultConfigurationName = Release;
		};
/* End XCConfigurationList section */
	};
	rootObject = 79FAF661220B4E6500A52D93 /* Project object */;
}
